speakeasyVersion: 1.501.0
sources:
    Gusto-OAS:
        sourceNamespace: gusto-oas
        sourceRevisionDigest: sha256:dadb6df5ab2d124b6d741aba5dfea6e9631c89e7369f4b24cc94542983ac6143
        sourceBlobDigest: sha256:3751f8b80d07f5601419ef5f6a9e3a485840519def7b8e4c0221e15288a208e3
        tags:
            - latest
            - speakeasy-sdk-regen-1740075080
            - "2024-04-01"
targets:
    gusto:
        source: Gusto-OAS
        sourceNamespace: gusto-oas
        sourceRevisionDigest: sha256:dadb6df5ab2d124b6d741aba5dfea6e9631c89e7369f4b24cc94542983ac6143
        sourceBlobDigest: sha256:3751f8b80d07f5601419ef5f6a9e3a485840519def7b8e4c0221e15288a208e3
        codeSamplesNamespace: gusto-oas-python-code-samples
        codeSamplesRevisionDigest: sha256:779d5dd0f79289d194e5f41927b1a30709225a2e2784b0f14ec7f8f5ecb616a2
workflow:
    workflowVersion: 1.0.0
    speakeasyVersion: latest
    sources:
        Gusto-OAS:
            inputs:
                - location: https://raw.githubusercontent.com/Gusto/Gusto-Partner-API/refs/heads/main/generated/embedded/api.v2024-04-01.embedded.yaml
                  authHeader: Authorization
                  authSecret: $openapi_doc_auth_token
            overlays:
                - location: https://raw.githubusercontent.com/Gusto/Gusto-Partner-API/refs/heads/main/.speakeasy/speakeasy-modifications-overlay.yaml
                  authHeader: Authorization
                  authSecret: $openapi_doc_auth_token
                - location: gusto_embedded/.speakeasy/speakeasy-modifications-overlay.yaml
            registry:
                location: registry.speakeasyapi.dev/gusto/ruby-sdk/gusto-oas
    targets:
        gusto:
            target: python
            source: Gusto-OAS
            output: ./gusto_embedded
            publish:
                pypi:
                    token: $pypi_token
            codeSamples:
                registry:
                    location: registry.speakeasyapi.dev/gusto/ruby-sdk/gusto-oas-python-code-samples
                labelOverride:
                    fixedValue: Python (SDK)
                blocking: false
